
Microsoft Visual Studio Solution File, Format Version 12.00
# Visual Studio Version 17
VisualStudioVersion = 17.11.35222.181
MinimumVisualStudioVersion = 10.0.40219.1
Project("{FAE04EC0-301F-11D3-BF4B-00C04F79EFBC}") = "SpeakingInBitsWeb", "SpeakingInBitsWeb\SpeakingInBitsWeb.csproj", "{4BBD6E28-4047-4297-BC8A-D7496DDD5B49}"
EndProject
Global
	GlobalSection(SolutionConfigurationPlatforms) = preSolution
		Debug|Any CPU = Debug|Any CPU
		Release|Any CPU = Release|Any CPU
	EndGlobalSection
	GlobalSection(ProjectConfigurationPlatforms) = postSolution
		{4BBD6E28-4047-4297-BC8A-D7496DDD5B49}.Debug|Any CPU.ActiveCfg = Debug|Any CPU
		{4BBD6E28-4047-4297-BC8A-D7496DDD5B49}.Debug|Any CPU.Build.0 = Debug|Any CPU
		{4BBD6E28-4047-4297-BC8A-D7496DDD5B49}.Release|Any CPU.ActiveCfg = Release|Any CPU
		{4BBD6E28-4047-4297-BC8A-D7496DDD5B49}.Release|Any CPU.Build.0 = Release|Any CPU
	EndGlobalSection
	GlobalSection(SolutionProperties) = preSolution
		HideSolutionNode = FALSE
	EndGlobalSection
	GlobalSection(ExtensibilityGlobals) = postSolution
		SolutionGuid = {B94AAB68-D170-441E-BC73-1631EC513FB8}
	EndGlobalSection
EndGlobal
